
Microsoft Visual Studio Solution File, Format Version 12.00
# Visual Studio Version 17
VisualStudioVersion = 17.13.35828.75 d17.13
MinimumVisualStudioVersion = 10.0.40219.1
Project("{FAE04EC0-301F-11D3-BF4B-00C04F79EFBC}") = "Ders01", "Ders01\Ders01.csproj", "{27D0308D-D25D-4162-A9C6-38675EAE9EB8}"
EndProject
Global
	GlobalSection(SolutionConfigurationPlatforms) = preSolution
		Debug|Any CPU = Debug|Any CPU
		Release|Any CPU = Release|Any CPU
	EndGlobalSection
	GlobalSection(ProjectConfigurationPlatforms) = postSolution
		{27D0308D-D25D-4162-A9C6-38675EAE9EB8}.Debug|Any CPU.ActiveCfg = Debug|Any CPU
		{27D0308D-D25D-4162-A9C6-38675EAE9EB8}.Debug|Any CPU.Build.0 = Debug|Any CPU
		{27D0308D-D25D-4162-A9C6-38675EAE9EB8}.Release|Any CPU.ActiveCfg = Release|Any CPU
		{27D0308D-D25D-4162-A9C6-38675EAE9EB8}.Release|Any CPU.Build.0 = Release|Any CPU
	EndGlobalSection
	GlobalSection(SolutionProperties) = preSolution
		HideSolutionNode = FALSE
	EndGlobalSection
	GlobalSection(ExtensibilityGlobals) = postSolution
		SolutionGuid = {7FBD7B57-C8BB-4FDC-8437-5452E5C999F5}
	EndGlobalSection
EndGlobal
