
Microsoft Visual Studio Solution File, Format Version 12.00
# Visual Studio Version 17
VisualStudioVersion = 17.13.35828.75 d17.13
MinimumVisualStudioVersion = 10.0.40219.1
Project("{FAE04EC0-301F-11D3-BF4B-00C04F79EFBC}") = "Ders06", "Ders06\Ders06.csproj", "{A336F99A-7D7D-4E6C-A647-9AF3ED4F1A43}"
EndProject
Global
	GlobalSection(SolutionConfigurationPlatforms) = preSolution
		Debug|Any CPU = Debug|Any CPU
		Release|Any CPU = Release|Any CPU
	EndGlobalSection
	GlobalSection(ProjectConfigurationPlatforms) = postSolution
		{A336F99A-7D7D-4E6C-A647-9AF3ED4F1A43}.Debug|Any CPU.ActiveCfg = Debug|Any CPU
		{A336F99A-7D7D-4E6C-A647-9AF3ED4F1A43}.Debug|Any CPU.Build.0 = Debug|Any CPU
		{A336F99A-7D7D-4E6C-A647-9AF3ED4F1A43}.Release|Any CPU.ActiveCfg = Release|Any CPU
		{A336F99A-7D7D-4E6C-A647-9AF3ED4F1A43}.Release|Any CPU.Build.0 = Release|Any CPU
	EndGlobalSection
	GlobalSection(SolutionProperties) = preSolution
		HideSolutionNode = FALSE
	EndGlobalSection
	GlobalSection(ExtensibilityGlobals) = postSolution
		SolutionGuid = {44751D46-4E8E-4200-9FA1-AA9F69704086}
	EndGlobalSection
EndGlobal
