
Microsoft Visual Studio Solution File, Format Version 12.00
# Visual Studio Version 17
VisualStudioVersion = 17.13.35828.75 d17.13
MinimumVisualStudioVersion = 10.0.40219.1
Project("{FAE04EC0-301F-11D3-BF4B-00C04F79EFBC}") = "ntp2k", "ntp2k\ntp2k.csproj", "{D33DA389-EE07-4AE1-A26A-E6CF8C3A4987}"
EndProject
Global
	GlobalSection(SolutionConfigurationPlatforms) = preSolution
		Debug|Any CPU = Debug|Any CPU
		Release|Any CPU = Release|Any CPU
	EndGlobalSection
	GlobalSection(ProjectConfigurationPlatforms) = postSolution
		{D33DA389-EE07-4AE1-A26A-E6CF8C3A4987}.Debug|Any CPU.ActiveCfg = Debug|Any CPU
		{D33DA389-EE07-4AE1-A26A-E6CF8C3A4987}.Debug|Any CPU.Build.0 = Debug|Any CPU
		{D33DA389-EE07-4AE1-A26A-E6CF8C3A4987}.Release|Any CPU.ActiveCfg = Release|Any CPU
		{D33DA389-EE07-4AE1-A26A-E6CF8C3A4987}.Release|Any CPU.Build.0 = Release|Any CPU
	EndGlobalSection
	GlobalSection(SolutionProperties) = preSolution
		HideSolutionNode = FALSE
	EndGlobalSection
	GlobalSection(ExtensibilityGlobals) = postSolution
		SolutionGuid = {F58E3736-D52E-4754-AFEB-FBEA02D7CEA5}
	EndGlobalSection
EndGlobal
