
Microsoft Visual Studio Solution File, Format Version 12.00
# Visual Studio Version 17
VisualStudioVersion = 17.13.35828.75 d17.13
MinimumVisualStudioVersion = 10.0.40219.1
Project("{FAE04EC0-301F-11D3-BF4B-00C04F79EFBC}") = "Ders08", "Ders08\Ders08.csproj", "{8E153896-3D56-4B76-BD6F-A09B7BD378C7}"
EndProject
Global
	GlobalSection(SolutionConfigurationPlatforms) = preSolution
		Debug|Any CPU = Debug|Any CPU
		Release|Any CPU = Release|Any CPU
	EndGlobalSection
	GlobalSection(ProjectConfigurationPlatforms) = postSolution
		{8E153896-3D56-4B76-BD6F-A09B7BD378C7}.Debug|Any CPU.ActiveCfg = Debug|Any CPU
		{8E153896-3D56-4B76-BD6F-A09B7BD378C7}.Debug|Any CPU.Build.0 = Debug|Any CPU
		{8E153896-3D56-4B76-BD6F-A09B7BD378C7}.Release|Any CPU.ActiveCfg = Release|Any CPU
		{8E153896-3D56-4B76-BD6F-A09B7BD378C7}.Release|Any CPU.Build.0 = Release|Any CPU
	EndGlobalSection
	GlobalSection(SolutionProperties) = preSolution
		HideSolutionNode = FALSE
	EndGlobalSection
	GlobalSection(ExtensibilityGlobals) = postSolution
		SolutionGuid = {0BEE6272-8E32-4BCE-BCA9-B52D1B577F89}
	EndGlobalSection
EndGlobal
